
Microsoft Visual Studio Solution File, Format Version 11.00
# Visual Studio 2010
Project("{2150E333-8FDC-42A3-9474-1A3956D46DE8}") = "Model", "Model", "{600ECF5C-C72B-4A63-AF21-1E1540560242}"
EndProject
Project("{FAE04EC0-301F-11D3-BF4B-00C04F79EFBC}") = "EntityModel", "EntityModel\EntityModel.csproj", "{388692BF-6208-4FE3-A014-3B6633B641AC}"
EndProject
Global
	GlobalSection(SolutionConfigurationPlatforms) = preSolution
		Debug|Any CPU = Debug|Any CPU
		Release|Any CPU = Release|Any CPU
	EndGlobalSection
	GlobalSection(ProjectConfigurationPlatforms) = postSolution
		{388692BF-6208-4FE3-A014-3B6633B641AC}.Debug|Any CPU.ActiveCfg = Debug|Any CPU
		{388692BF-6208-4FE3-A014-3B6633B641AC}.Debug|Any CPU.Build.0 = Debug|Any CPU
		{388692BF-6208-4FE3-A014-3B6633B641AC}.Release|Any CPU.ActiveCfg = Release|Any CPU
		{388692BF-6208-4FE3-A014-3B6633B641AC}.Release|Any CPU.Build.0 = Release|Any CPU
	EndGlobalSection
	GlobalSection(SolutionProperties) = preSolution
		HideSolutionNode = FALSE
	EndGlobalSection
	GlobalSection(NestedProjects) = preSolution
		{388692BF-6208-4FE3-A014-3B6633B641AC} = {600ECF5C-C72B-4A63-AF21-1E1540560242}
	EndGlobalSection
EndGlobal
